// !$*UTF8*$!
{
	archiveVersion = 1;
	classes = {
	};
	objectVersion = 56;
	objects = {

/* Begin PBXBuildFile section */
		BB34E6BC2C0CBDA400F6E055 /* MockURLProtocol.swift in Sources */ = {isa = PBXBuildFile; fileRef = BB34E6BB2C0CBDA400F6E055 /* MockURLProtocol.swift */; };
		BB4DB7B62C0307E700AAE89B /* AppDelegate.swift in Sources */ = {isa = PBXBuildFile; fileRef = BB4DB7B52C0307E700AAE89B /* AppDelegate.swift */; };
		BB4DB7B82C0307E700AAE89B /* SceneDelegate.swift in Sources */ = {isa = PBXBuildFile; fileRef = BB4DB7B72C0307E700AAE89B /* SceneDelegate.swift */; };
		BB4DB7BA2C0307E700AAE89B /* ViewController.swift in Sources */ = {isa = PBXBuildFile; fileRef = BB4DB7B92C0307E700AAE89B /* ViewController.swift */; };
		BB4DB7BF2C0307E900AAE89B /* Assets.xcassets in Resources */ = {isa = PBXBuildFile; fileRef = BB4DB7BE2C0307E900AAE89B /* Assets.xcassets */; };
		BB4DB7C22C0307E900AAE89B /* Base in Resources */ = {isa = PBXBuildFile; fileRef = BB4DB7C12C0307E900AAE89B /* Base */; };
		BB4DB7CD2C0307E900AAE89B /* NARUTOAPITests.swift in Sources */ = {isa = PBXBuildFile; fileRef = BB4DB7CC2C0307E900AAE89B /* NARUTOAPITests.swift */; };
		BB4DB7D72C0307E900AAE89B /* NARUTOAPIUITests.swift in Sources */ = {isa = PBXBuildFile; fileRef = BB4DB7D62C0307E900AAE89B /* NARUTOAPIUITests.swift */; };
		BB4DB7D92C0307E900AAE89B /* NARUTOAPIUITestsLaunchTests.swift in Sources */ = {isa = PBXBuildFile; fileRef = BB4DB7D82C0307E900AAE89B /* NARUTOAPIUITestsLaunchTests.swift */; };
		BB4DB7E62C030D0000AAE89B /* Router.swift in Sources */ = {isa = PBXBuildFile; fileRef = BB4DB7E52C030D0000AAE89B /* Router.swift */; };
		BB4DB7E82C03117700AAE89B /* Item.swift in Sources */ = {isa = PBXBuildFile; fileRef = BB4DB7E72C03117700AAE89B /* Item.swift */; };
		BB4DB7EA2C037EA500AAE89B /* APIClient.swift in Sources */ = {isa = PBXBuildFile; fileRef = BB4DB7E92C037EA500AAE89B /* APIClient.swift */; };
/* End PBXBuildFile section */

/* Begin PBXContainerItemProxy section */
		BB4DB7C92C0307E900AAE89B /* PBXContainerItemProxy */ = {
			isa = PBXContainerItemProxy;
			containerPortal = BB4DB7AA2C0307E700AAE89B /* Project object */;
			proxyType = 1;
			remoteGlobalIDString = BB4DB7B12C0307E700AAE89B;
			remoteInfo = NARUTOAPI;
		};
		BB4DB7D32C0307E900AAE89B /* PBXContainerItemProxy */ = {
			isa = PBXContainerItemProxy;
			containerPortal = BB4DB7AA2C0307E700AAE89B /* Project object */;
			proxyType = 1;
			remoteGlobalIDString = BB4DB7B12C0307E700AAE89B;
			remoteInfo = NARUTOAPI;
		};
/* End PBXContainerItemProxy section */

/* Begin PBXFileReference section */
		BB34E6BB2C0CBDA400F6E055 /* MockURLProtocol.swift */ = {isa = PBXFileReference; lastKnownFileType = sourcecode.swift; path = MockURLProtocol.swift; sourceTree = "<group>"; };
		BB4DB7B22C0307E700AAE89B /* NARUTOAPI.app */ = {isa = PBXFileReference; explicitFileType = wrapper.application; includeInIndex = 0; path = NARUTOAPI.app; sourceTree = BUILT_PRODUCTS_DIR; };
		BB4DB7B52C0307E700AAE89B /* AppDelegate.swift */ = {isa = PBXFileReference; lastKnownFileType = sourcecode.swift; path = AppDelegate.swift; sourceTree = "<group>"; };
		BB4DB7B72C0307E700AAE89B /* SceneDelegate.swift */ = {isa = PBXFileReference; lastKnownFileType = sourcecode.swift; path = SceneDelegate.swift; sourceTree = "<group>"; };
		BB4DB7B92C0307E700AAE89B /* ViewController.swift */ = {isa = PBXFileReference; lastKnownFileType = sourcecode.swift; path = ViewController.swift; sourceTree = "<group>"; };
		BB4DB7BE2C0307E900AAE89B /* Assets.xcassets */ = {isa = PBXFileReference; lastKnownFileType = folder.assetcatalog; path = Assets.xcassets; sourceTree = "<group>"; };
		BB4DB7C12C0307E900AAE89B /* Base */ = {isa = PBXFileReference; lastKnownFileType = file.storyboard; name = Base; path = Base.lproj/LaunchScreen.storyboard; sourceTree = "<group>"; };
		BB4DB7C32C0307E900AAE89B /* Info.plist */ = {isa = PBXFileReference; lastKnownFileType = text.plist.xml; path = Info.plist; sourceTree = "<group>"; };
		BB4DB7C82C0307E900AAE89B /* NARUTOAPITests.xctest */ = {isa = PBXFileReference; explicitFileType = wrapper.cfbundle; includeInIndex = 0; path = NARUTOAPITests.xctest; sourceTree = BUILT_PRODUCTS_DIR; };
		BB4DB7CC2C0307E900AAE89B /* NARUTOAPITests.swift */ = {isa = PBXFileReference; lastKnownFileType = sourcecode.swift; path = NARUTOAPITests.swift; sourceTree = "<group>"; };
		BB4DB7D22C0307E900AAE89B /* NARUTOAPIUITests.xctest */ = {isa = PBXFileReference; explicitFileType = wrapper.cfbundle; includeInIndex = 0; path = NARUTOAPIUITests.xctest; sourceTree = BUILT_PRODUCTS_DIR; };
		BB4DB7D62C0307E900AAE89B /* NARUTOAPIUITests.swift */ = {isa = PBXFileReference; lastKnownFileType = sourcecode.swift; path = NARUTOAPIUITests.swift; sourceTree = "<group>"; };
		BB4DB7D82C0307E900AAE89B /* NARUTOAPIUITestsLaunchTests.swift */ = {isa = PBXFileReference; lastKnownFileType = sourcecode.swift; path = NARUTOAPIUITestsLaunchTests.swift; sourceTree = "<group>"; };
		BB4DB7E52C030D0000AAE89B /* Router.swift */ = {isa = PBXFileReference; lastKnownFileType = sourcecode.swift; path = Router.swift; sourceTree = "<group>"; };
		BB4DB7E72C03117700AAE89B /* Item.swift */ = {isa = PBXFileReference; lastKnownFileType = sourcecode.swift; path = Item.swift; sourceTree = "<group>"; };
		BB4DB7E92C037EA500AAE89B /* APIClient.swift */ = {isa = PBXFileReference; lastKnownFileType = sourcecode.swift; path = APIClient.swift; sourceTree = "<group>"; };
/* End PBXFileReference section */

/* Begin PBXFrameworksBuildPhase section */
		BB4DB7AF2C0307E700AAE89B /* Frameworks */ = {
			isa = PBXFrameworksBuildPhase;
			buildActionMask = 2147483647;
			files = (
			);
			runOnlyForDeploymentPostprocessing = 0;
		};
		BB4DB7C52C0307E900AAE89B /* Frameworks */ = {
			isa = PBXFrameworksBuildPhase;
			buildActionMask = 2147483647;
			files = (
			);
			runOnlyForDeploymentPostprocessing = 0;
		};
		BB4DB7CF2C0307E900AAE89B /* Frameworks */ = {
			isa = PBXFrameworksBuildPhase;
			buildActionMask = 2147483647;
			files = (
			);
			runOnlyForDeploymentPostprocessing = 0;
		};
/* End PBXFrameworksBuildPhase section */

/* Begin PBXGroup section */
		BB4DB7A92C0307E700AAE89B = {
			isa = PBXGroup;
			children = (
				BB4DB7B42C0307E700AAE89B /* NARUTOAPI */,
				BB4DB7CB2C0307E900AAE89B /* NARUTOAPITests */,
				BB4DB7D52C0307E900AAE89B /* NARUTOAPIUITests */,
				BB4DB7B32C0307E700AAE89B /* Products */,
			);
			sourceTree = "<group>";
		};
		BB4DB7B32C0307E700AAE89B /* Products */ = {
			isa = PBXGroup;
			children = (
				BB4DB7B22C0307E700AAE89B /* NARUTOAPI.app */,
				BB4DB7C82C0307E900AAE89B /* NARUTOAPITests.xctest */,
				BB4DB7D22C0307E900AAE89B /* NARUTOAPIUITests.xctest */,
			);
			name = Products;
			sourceTree = "<group>";
		};
		BB4DB7B42C0307E700AAE89B /* NARUTOAPI */ = {
			isa = PBXGroup;
			children = (
				BB4DB7B52C0307E700AAE89B /* AppDelegate.swift */,
				BB4DB7B72C0307E700AAE89B /* SceneDelegate.swift */,
				BB4DB7B92C0307E700AAE89B /* ViewController.swift */,
				BB4DB7E92C037EA500AAE89B /* APIClient.swift */,
				BB4DB7BE2C0307E900AAE89B /* Assets.xcassets */,
				BB4DB7C02C0307E900AAE89B /* LaunchScreen.storyboard */,
				BB4DB7E52C030D0000AAE89B /* Router.swift */,
				BB4DB7E72C03117700AAE89B /* Item.swift */,
				BB4DB7C32C0307E900AAE89B /* Info.plist */,
			);
			path = NARUTOAPI;
			sourceTree = "<group>";
		};
		BB4DB7CB2C0307E900AAE89B /* NARUTOAPITests */ = {
			isa = PBXGroup;
			children = (
				BB4DB7CC2C0307E900AAE89B /* NARUTOAPITests.swift */,
				BB34E6BB2C0CBDA400F6E055 /* MockURLProtocol.swift */,
			);
			path = NARUTOAPITests;
			sourceTree = "<group>";
		};
		BB4DB7D52C0307E900AAE89B /* NARUTOAPIUITests */ = {
			isa = PBXGroup;
			children = (
				BB4DB7D62C0307E900AAE89B /* NARUTOAPIUITests.swift */,
				BB4DB7D82C0307E900AAE89B /* NARUTOAPIUITestsLaunchTests.swift */,
			);
			path = NARUTOAPIUITests;
			sourceTree = "<group>";
		};
/* End PBXGroup section */

/* Begin PBXNativeTarget section */
		BB4DB7B12C0307E700AAE89B /* NARUTOAPI */ = {
			isa = PBXNativeTarget;
			buildConfigurationList = BB4DB7DC2C0307E900AAE89B /* Build configuration list for PBXNativeTarget "NARUTOAPI" */;
			buildPhases = (
				BB4DB7AE2C0307E700AAE89B /* Sources */,
				BB4DB7AF2C0307E700AAE89B /* Frameworks */,
				BB4DB7B02C0307E700AAE89B /* Resources */,
			);
			buildRules = (
			);
			dependencies = (
			);
			name = NARUTOAPI;
			productName = NARUTOAPI;
			productReference = BB4DB7B22C0307E700AAE89B /* NARUTOAPI.app */;
			productType = "com.apple.product-type.application";
		};
		BB4DB7C72C0307E900AAE89B /* NARUTOAPITests */ = {
			isa = PBXNativeTarget;
			buildConfigurationList = BB4DB7DF2C0307E900AAE89B /* Build configuration list for PBXNativeTarget "NARUTOAPITests" */;
			buildPhases = (
				BB4DB7C42C0307E900AAE89B /* Sources */,
				BB4DB7C52C0307E900AAE89B /* Frameworks */,
				BB4DB7C62C0307E900AAE89B /* Resources */,
			);
			buildRules = (
			);
			dependencies = (
				BB4DB7CA2C0307E900AAE89B /* PBXTargetDependency */,
			);
			name = NARUTOAPITests;
			productName = NARUTOAPITests;
			productReference = BB4DB7C82C0307E900AAE89B /* NARUTOAPITests.xctest */;
			productType = "com.apple.product-type.bundle.unit-test";
		};
		BB4DB7D12C0307E900AAE89B /* NARUTOAPIUITests */ = {
			isa = PBXNativeTarget;
			buildConfigurationList = BB4DB7E22C0307E900AAE89B /* Build configuration list for PBXNativeTarget "NARUTOAPIUITests" */;
			buildPhases = (
				BB4DB7CE2C0307E900AAE89B /* Sources */,
				BB4DB7CF2C0307E900AAE89B /* Frameworks */,
				BB4DB7D02C0307E900AAE89B /* Resources */,
			);
			buildRules = (
			);
			dependencies = (
				BB4DB7D42C0307E900AAE89B /* PBXTargetDependency */,
			);
			name = NARUTOAPIUITests;
			productName = NARUTOAPIUITests;
			productReference = BB4DB7D22C0307E900AAE89B /* NARUTOAPIUITests.xctest */;
			productType = "com.apple.product-type.bundle.ui-testing";
		};
/* End PBXNativeTarget section */

/* Begin PBXProject section */
		BB4DB7AA2C0307E700AAE89B /* Project object */ = {
			isa = PBXProject;
			attributes = {
				BuildIndependentTargetsInParallel = 1;
				LastSwiftUpdateCheck = 1530;
				LastUpgradeCheck = 1530;
				TargetAttributes = {
					BB4DB7B12C0307E700AAE89B = {
						CreatedOnToolsVersion = 15.3;
					};
					BB4DB7C72C0307E900AAE89B = {
						CreatedOnToolsVersion = 15.3;
						TestTargetID = BB4DB7B12C0307E700AAE89B;
					};
					BB4DB7D12C0307E900AAE89B = {
						CreatedOnToolsVersion = 15.3;
						TestTargetID = BB4DB7B12C0307E700AAE89B;
					};
				};
			};
			buildConfigurationList = BB4DB7AD2C0307E700AAE89B /* Build configuration list for PBXProject "NARUTOAPI" */;
			compatibilityVersion = "Xcode 14.0";
			developmentRegion = en;
			hasScannedForEncodings = 0;
			knownRegions = (
				en,
				Base,
			);
			mainGroup = BB4DB7A92C0307E700AAE89B;
			productRefGroup = BB4DB7B32C0307E700AAE89B /* Products */;
			projectDirPath = "";
			projectRoot = "";
			targets = (
				BB4DB7B12C0307E700AAE89B /* NARUTOAPI */,
				BB4DB7C72C0307E900AAE89B /* NARUTOAPITests */,
				BB4DB7D12C0307E900AAE89B /* NARUTOAPIUITests */,
			);
		};
/* End PBXProject section */

/* Begin PBXResourcesBuildPhase section */
		BB4DB7B02C0307E700AAE89B /* Resources */ = {
			isa = PBXResourcesBuildPhase;
			buildActionMask = 2147483647;
			files = (
				BB4DB7BF2C0307E900AAE89B /* Assets.xcassets in Resources */,
				BB4DB7C22C0307E900AAE89B /* Base in Resources */,
			);
			runOnlyForDeploymentPostprocessing = 0;
		};
		BB4DB7C62C0307E900AAE89B /* Resources */ = {
			isa = PBXResourcesBuildPhase;
			buildActionMask = 2147483647;
			files = (
			);
			runOnlyForDeploymentPostprocessing = 0;
		};
		BB4DB7D02C0307E900AAE89B /* Resources */ = {
			isa = PBXResourcesBuildPhase;
			buildActionMask = 2147483647;
			files = (
			);
			runOnlyForDeploymentPostprocessing = 0;
		};
/* End PBXResourcesBuildPhase section */

/* Begin PBXSourcesBuildPhase section */
		BB4DB7AE2C0307E700AAE89B /* Sources */ = {
			isa = PBXSourcesBuildPhase;
			buildActionMask = 2147483647;
			files = (
				BB4DB7E82C03117700AAE89B /* Item.swift in Sources */,
				BB4DB7E62C030D0000AAE89B /* Router.swift in Sources */,
				BB4DB7BA2C0307E700AAE89B /* ViewController.swift in Sources */,
				BB4DB7B62C0307E700AAE89B /* AppDelegate.swift in Sources */,
				BB4DB7B82C0307E700AAE89B /* SceneDelegate.swift in Sources */,
				BB4DB7EA2C037EA500AAE89B /* APIClient.swift in Sources */,
			);
			runOnlyForDeploymentPostprocessing = 0;
		};
		BB4DB7C42C0307E900AAE89B /* Sources */ = {
			isa = PBXSourcesBuildPhase;
			buildActionMask = 2147483647;
			files = (
				BB34E6BC2C0CBDA400F6E055 /* MockURLProtocol.swift in Sources */,
				BB4DB7CD2C0307E900AAE89B /* NARUTOAPITests.swift in Sources */,
			);
			runOnlyForDeploymentPostprocessing = 0;
		};
		BB4DB7CE2C0307E900AAE89B /* Sources */ = {
			isa = PBXSourcesBuildPhase;
			buildActionMask = 2147483647;
			files = (
				BB4DB7D92C0307E900AAE89B /* NARUTOAPIUITestsLaunchTests.swift in Sources */,
				BB4DB7D72C0307E900AAE89B /* NARUTOAPIUITests.swift in Sources */,
			);
			runOnlyForDeploymentPostprocessing = 0;
		};
/* End PBXSourcesBuildPhase section */

/* Begin PBXTargetDependency section */
		BB4DB7CA2C0307E900AAE89B /* PBXTargetDependency */ = {
			isa = PBXTargetDependency;
			target = BB4DB7B12C0307E700AAE89B /* NARUTOAPI */;
			targetProxy = BB4DB7C92C0307E900AAE89B /* PBXContainerItemProxy */;
		};
		BB4DB7D42C0307E900AAE89B /* PBXTargetDependency */ = {
			isa = PBXTargetDependency;
			target = BB4DB7B12C0307E700AAE89B /* NARUTOAPI */;
			targetProxy = BB4DB7D32C0307E900AAE89B /* PBXContainerItemProxy */;
		};
/* End PBXTargetDependency section */

/* Begin PBXVariantGroup section */
		BB4DB7C02C0307E900AAE89B /* LaunchScreen.storyboard */ = {
			isa = PBXVariantGroup;
			children = (
				BB4DB7C12C0307E900AAE89B /* Base */,
			);
			name = LaunchScreen.storyboard;
			sourceTree = "<group>";
		};
/* End PBXVariantGroup section */

/* Begin XCBuildConfiguration section */
		BB4DB7DA2C0307E900AAE89B /* Debug */ = {
			isa = XCBuildConfiguration;
			buildSettings = {
				ALWAYS_SEARCH_USER_PATHS = NO;
				ASSETCATALOG_COMPILER_GENERATE_SWIFT_ASSET_SYMBOL_EXTENSIONS = YES;
				CLANG_ANALYZER_NONNULL = YES;
				CLANG_ANALYZER_NUMBER_OBJECT_CONVERSION = YES_AGGRESSIVE;
				CLANG_CXX_LANGUAGE_STANDARD = "gnu++20";
				CLANG_ENABLE_MODULES = YES;
				CLANG_ENABLE_OBJC_ARC = YES;
				CLANG_ENABLE_OBJC_WEAK = YES;
				CLANG_WARN_BLOCK_CAPTURE_AUTORELEASING = YES;
				CLANG_WARN_BOOL_CONVERSION = YES;
				CLANG_WARN_COMMA = YES;
				CLANG_WARN_CONSTANT_CONVERSION = YES;
				CLANG_WARN_DEPRECATED_OBJC_IMPLEMENTATIONS = YES;
				CLANG_WARN_DIRECT_OBJC_ISA_USAGE = YES_ERROR;
				CLANG_WARN_DOCUMENTATION_COMMENTS = YES;
				CLANG_WARN_EMPTY_BODY = YES;
				CLANG_WARN_ENUM_CONVERSION = YES;
				CLANG_WARN_INFINITE_RECURSION = YES;
				CLANG_WARN_INT_CONVERSION = YES;
				CLANG_WARN_NON_LITERAL_NULL_CONVERSION = YES;
				CLANG_WARN_OBJC_IMPLICIT_RETAIN_SELF = YES;
				CLANG_WARN_OBJC_LITERAL_CONVERSION = YES;
				CLANG_WARN_OBJC_ROOT_CLASS = YES_ERROR;
				CLANG_WARN_QUOTED_INCLUDE_IN_FRAMEWORK_HEADER = YES;
				CLANG_WARN_RANGE_LOOP_ANALYSIS = YES;
				CLANG_WARN_STRICT_PROTOTYPES = YES;
				CLANG_WARN_SUSPICIOUS_MOVE = YES;
				CLANG_WARN_UNGUARDED_AVAILABILITY = YES_AGGRESSIVE;
				CLANG_WARN_UNREACHABLE_CODE = YES;
				CLANG_WARN__DUPLICATE_METHOD_MATCH = YES;
				COPY_PHASE_STRIP = NO;
				DEBUG_INFORMATION_FORMAT = dwarf;
				ENABLE_STRICT_OBJC_MSGSEND = YES;
				ENABLE_TESTABILITY = YES;
				ENABLE_USER_SCRIPT_SANDBOXING = YES;
				GCC_C_LANGUAGE_STANDARD = gnu17;
				GCC_DYNAMIC_NO_PIC = NO;
				GCC_NO_COMMON_BLOCKS = YES;
				GCC_OPTIMIZATION_LEVEL = 0;
				GCC_PREPROCESSOR_DEFINITIONS = (
					"DEBUG=1",
					"$(inherited)",
				);
				GCC_WARN_64_TO_32_BIT_CONVERSION = YES;
				GCC_WARN_ABOUT_RETURN_TYPE = YES_ERROR;
				GCC_WARN_UNDECLARED_SELECTOR = YES;
				GCC_WARN_UNINITIALIZED_AUTOS = YES_AGGRESSIVE;
				GCC_WARN_UNUSED_FUNCTION = YES;
				GCC_WARN_UNUSED_VARIABLE = YES;
				IPHONEOS_DEPLOYMENT_TARGET = 17.4;
				LOCALIZATION_PREFERS_STRING_CATALOGS = YES;
				MTL_ENABLE_DEBUG_INFO = INCLUDE_SOURCE;
				MTL_FAST_MATH = YES;
				ONLY_ACTIVE_ARCH = YES;
				SDKROOT = iphoneos;
				SWIFT_ACTIVE_COMPILATION_CONDITIONS = "DEBUG $(inherited)";
				SWIFT_OPTIMIZATION_LEVEL = "-Onone";
			};
			name = Debug;
		};
		BB4DB7DB2C0307E900AAE89B /* Release */ = {
			isa = XCBuildConfiguration;
			buildSettings = {
				ALWAYS_SEARCH_USER_PATHS = NO;
				ASSETCATALOG_COMPILER_GENERATE_SWIFT_ASSET_SYMBOL_EXTENSIONS = YES;
				CLANG_ANALYZER_NONNULL = YES;
				CLANG_ANALYZER_NUMBER_OBJECT_CONVERSION = YES_AGGRESSIVE;
				CLANG_CXX_LANGUAGE_STANDARD = "gnu++20";
				CLANG_ENABLE_MODULES = YES;
				CLANG_ENABLE_OBJC_ARC = YES;
				CLANG_ENABLE_OBJC_WEAK = YES;
				CLANG_WARN_BLOCK_CAPTURE_AUTORELEASING = YES;
				CLANG_WARN_BOOL_CONVERSION = YES;
				CLANG_WARN_COMMA = YES;
				CLANG_WARN_CONSTANT_CONVERSION = YES;
				CLANG_WARN_DEPRECATED_OBJC_IMPLEMENTATIONS = YES;
				CLANG_WARN_DIRECT_OBJC_ISA_USAGE = YES_ERROR;
				CLANG_WARN_DOCUMENTATION_COMMENTS = YES;
				CLANG_WARN_EMPTY_BODY = YES;
				CLANG_WARN_ENUM_CONVERSION = YES;
				CLANG_WARN_INFINITE_RECURSION = YES;
				CLANG_WARN_INT_CONVERSION = YES;
				CLANG_WARN_NON_LITERAL_NULL_CONVERSION = YES;
				CLANG_WARN_OBJC_IMPLICIT_RETAIN_SELF = YES;
				CLANG_WARN_OBJC_LITERAL_CONVERSION = YES;
				CLANG_WARN_OBJC_ROOT_CLASS = YES_ERROR;
				CLANG_WARN_QUOTED_INCLUDE_IN_FRAMEWORK_HEADER = YES;
				CLANG_WARN_RANGE_LOOP_ANALYSIS = YES;
				CLANG_WARN_STRICT_PROTOTYPES = YES;
				CLANG_WARN_SUSPICIOUS_MOVE = YES;
				CLANG_WARN_UNGUARDED_AVAILABILITY = YES_AGGRESSIVE;
				CLANG_WARN_UNREACHABLE_CODE = YES;
				CLANG_WARN__DUPLICATE_METHOD_MATCH = YES;
				COPY_PHASE_STRIP = NO;
				DEBUG_INFORMATION_FORMAT = "dwarf-with-dsym";
				ENABLE_NS_ASSERTIONS = NO;
				ENABLE_STRICT_OBJC_MSGSEND = YES;
				ENABLE_USER_SCRIPT_SANDBOXING = YES;
				GCC_C_LANGUAGE_STANDARD = gnu17;
				GCC_NO_COMMON_BLOCKS = YES;
				GCC_WARN_64_TO_32_BIT_CONVERSION = YES;
				GCC_WARN_ABOUT_RETURN_TYPE = YES_ERROR;
				GCC_WARN_UNDECLARED_SELECTOR = YES;
				GCC_WARN_UNINITIALIZED_AUTOS = YES_AGGRESSIVE;
				GCC_WARN_UNUSED_FUNCTION = YES;
				GCC_WARN_UNUSED_VARIABLE = YES;
				IPHONEOS_DEPLOYMENT_TARGET = 17.4;
				LOCALIZATION_PREFERS_STRING_CATALOGS = YES;
				MTL_ENABLE_DEBUG_INFO = NO;
				MTL_FAST_MATH = YES;
				SDKROOT = iphoneos;
				SWIFT_COMPILATION_MODE = wholemodule;
				VALIDATE_PRODUCT = YES;
			};
			name = Release;
		};
		BB4DB7DD2C0307E900AAE89B /* Debug */ = {
			isa = XCBuildConfiguration;
			buildSettings = {
				ASSETCATALOG_COMPILER_APPICON_NAME = AppIcon;
				ASSETCATALOG_COMPILER_GLOBAL_ACCENT_COLOR_NAME = AccentColor;
				CODE_SIGN_STYLE = Automatic;
				CURRENT_PROJECT_VERSION = 1;
				DEVELOPMENT_TEAM = 67ZRFNK38N;
				GENERATE_INFOPLIST_FILE = YES;
				INFOPLIST_FILE = NARUTOAPI/Info.plist;
				INFOPLIST_KEY_UIApplicationSupportsIndirectInputEvents = YES;
				INFOPLIST_KEY_UILaunchStoryboardName = LaunchScreen;
				INFOPLIST_KEY_UISupportedInterfaceOrientations_iPad = "UIInterfaceOrientationPortrait UIInterfaceOrientationPortraitUpsideDown UIInterfaceOrientationLandscapeLeft UIInterfaceOrientationLandscapeRight";
				INFOPLIST_KEY_UISupportedInterfaceOrientations_iPhone = "UIInterfaceOrientationPortrait UIInterfaceOrientationLandscapeLeft UIInterfaceOrientationLandscapeRight";
				LD_RUNPATH_SEARCH_PATHS = (
					"$(inherited)",
					"@executable_path/Frameworks",
				);
				MARKETING_VERSION = 1.0;
				PRODUCT_BUNDLE_IDENTIFIER = com.tomohiro.NARUTOAPI;
				PRODUCT_NAME = "$(TARGET_NAME)";
				SWIFT_EMIT_LOC_STRINGS = YES;
				SWIFT_VERSION = 5.0;
				TARGETED_DEVICE_FAMILY = "1,2";
			};
			name = Debug;
		};
		BB4DB7DE2C0307E900AAE89B /* Release */ = {
			isa = XCBuildConfiguration;
			buildSettings = {
				ASSETCATALOG_COMPILER_APPICON_NAME = AppIcon;
				ASSETCATALOG_COMPILER_GLOBAL_ACCENT_COLOR_NAME = AccentColor;
				CODE_SIGN_STYLE = Automatic;
				CURRENT_PROJECT_VERSION = 1;
				DEVELOPMENT_TEAM = 67ZRFNK38N;
				GENERATE_INFOPLIST_FILE = YES;
				INFOPLIST_FILE = NARUTOAPI/Info.plist;
				INFOPLIST_KEY_UIApplicationSupportsIndirectInputEvents = YES;
				INFOPLIST_KEY_UILaunchStoryboardName = LaunchScreen;
				INFOPLIST_KEY_UISupportedInterfaceOrientations_iPad = "UIInterfaceOrientationPortrait UIInterfaceOrientationPortraitUpsideDown UIInterfaceOrientationLandscapeLeft UIInterfaceOrientationLandscapeRight";
				INFOPLIST_KEY_UISupportedInterfaceOrientations_iPhone = "UIInterfaceOrientationPortrait UIInterfaceOrientationLandscapeLeft UIInterfaceOrientationLandscapeRight";
				LD_RUNPATH_SEARCH_PATHS = (
					"$(inherited)",
					"@executable_path/Frameworks",
				);
				MARKETING_VERSION = 1.0;
				PRODUCT_BUNDLE_IDENTIFIER = com.tomohiro.NARUTOAPI;
				PRODUCT_NAME = "$(TARGET_NAME)";
				SWIFT_EMIT_LOC_STRINGS = YES;
				SWIFT_VERSION = 5.0;
				TARGETED_DEVICE_FAMILY = "1,2";
			};
			name = Release;
		};
		BB4DB7E02C0307E900AAE89B /* Debug */ = {
			isa = XCBuildConfiguration;
			buildSettings = {
				ALWAYS_EMBED_SWIFT_STANDARD_LIBRARIES = YES;
				BUNDLE_LOADER = "$(TEST_HOST)";
				CODE_SIGN_STYLE = Automatic;
				CURRENT_PROJECT_VERSION = 1;
				DEVELOPMENT_TEAM = 67ZRFNK38N;
				GENERATE_INFOPLIST_FILE = YES;
				IPHONEOS_DEPLOYMENT_TARGET = 17.4;
				MARKETING_VERSION = 1.0;
				PRODUCT_BUNDLE_IDENTIFIER = com.tomohiro.NARUTOAPITests;
				PRODUCT_NAME = "$(TARGET_NAME)";
				SWIFT_EMIT_LOC_STRINGS = NO;
				SWIFT_VERSION = 5.0;
				TARGETED_DEVICE_FAMILY = "1,2";
				TEST_HOST = "$(BUILT_PRODUCTS_DIR)/NARUTOAPI.app/$(BUNDLE_EXECUTABLE_FOLDER_PATH)/NARUTOAPI";
			};
			name = Debug;
		};
		BB4DB7E12C0307E900AAE89B /* Release */ = {
			isa = XCBuildConfiguration;
			buildSettings = {
				ALWAYS_EMBED_SWIFT_STANDARD_LIBRARIES = YES;
				BUNDLE_LOADER = "$(TEST_HOST)";
				CODE_SIGN_STYLE = Automatic;
				CURRENT_PROJECT_VERSION = 1;
				DEVELOPMENT_TEAM = 67ZRFNK38N;
				GENERATE_INFOPLIST_FILE = YES;
				IPHONEOS_DEPLOYMENT_TARGET = 17.4;
				MARKETING_VERSION = 1.0;
				PRODUCT_BUNDLE_IDENTIFIER = com.tomohiro.NARUTOAPITests;
				PRODUCT_NAME = "$(TARGET_NAME)";
				SWIFT_EMIT_LOC_STRINGS = NO;
				SWIFT_VERSION = 5.0;
				TARGETED_DEVICE_FAMILY = "1,2";
				TEST_HOST = "$(BUILT_PRODUCTS_DIR)/NARUTOAPI.app/$(BUNDLE_EXECUTABLE_FOLDER_PATH)/NARUTOAPI";
			};
			name = Release;
		};
		BB4DB7E32C0307E900AAE89B /* Debug */ = {
			isa = XCBuildConfiguration;
			buildSettings = {
				ALWAYS_EMBED_SWIFT_STANDARD_LIBRARIES = YES;
				CODE_SIGN_STYLE = Automatic;
				CURRENT_PROJECT_VERSION = 1;
				DEVELOPMENT_TEAM = 67ZRFNK38N;
				GENERATE_INFOPLIST_FILE = YES;
				MARKETING_VERSION = 1.0;
				PRODUCT_BUNDLE_IDENTIFIER = com.tomohiro.NARUTOAPIUITests;
				PRODUCT_NAME = "$(TARGET_NAME)";
				SWIFT_EMIT_LOC_STRINGS = NO;
				SWIFT_VERSION = 5.0;
				TARGETED_DEVICE_FAMILY = "1,2";
				TEST_TARGET_NAME = NARUTOAPI;
			};
			name = Debug;
		};
		BB4DB7E42C0307E900AAE89B /* Release */ = {
			isa = XCBuildConfiguration;
			buildSettings = {
				ALWAYS_EMBED_SWIFT_STANDARD_LIBRARIES = YES;
				CODE_SIGN_STYLE = Automatic;
				CURRENT_PROJECT_VERSION = 1;
				DEVELOPMENT_TEAM = 67ZRFNK38N;
				GENERATE_INFOPLIST_FILE = YES;
				MARKETING_VERSION = 1.0;
				PRODUCT_BUNDLE_IDENTIFIER = com.tomohiro.NARUTOAPIUITests;
				PRODUCT_NAME = "$(TARGET_NAME)";
				SWIFT_EMIT_LOC_STRINGS = NO;
				SWIFT_VERSION = 5.0;
				TARGETED_DEVICE_FAMILY = "1,2";
				TEST_TARGET_NAME = NARUTOAPI;
			};
			name = Release;
		};
/* End XCBuildConfiguration section */

/* Begin XCConfigurationList section */
		BB4DB7AD2C0307E700AAE89B /* Build configuration list for PBXProject "NARUTOAPI" */ = {
			isa = XCConfigurationList;
			buildConfigurations = (
				BB4DB7DA2C0307E900AAE89B /* Debug */,
				BB4DB7DB2C0307E900AAE89B /* Release */,
			);
			defaultConfigurationIsVisible = 0;
			defaultConfigurationName = Release;
		};
		BB4DB7DC2C0307E900AAE89B /* Build configuration list for PBXNativeTarget "NARUTOAPI" */ = {
			isa = XCConfigurationList;
			buildConfigurations = (
				BB4DB7DD2C0307E900AAE89B /* Debug */,
				BB4DB7DE2C0307E900AAE89B /* Release */,
			);
			defaultConfigurationIsVisible = 0;
			defaultConfigurationName = Release;
		};
		BB4DB7DF2C0307E900AAE89B /* Build configuration list for PBXNativeTarget "NARUTOAPITests" */ = {
			isa = XCConfigurationList;
			buildConfigurations = (
				BB4DB7E02C0307E900AAE89B /* Debug */,
				BB4DB7E12C0307E900AAE89B /* Release */,
			);
			defaultConfigurationIsVisible = 0;
			defaultConfigurationName = Release;
		};
		BB4DB7E22C0307E900AAE89B /* Build configuration list for PBXNativeTarget "NARUTOAPIUITests" */ = {
			isa = XCConfigurationList;
			buildConfigurations = (
				BB4DB7E32C0307E900AAE89B /* Debug */,
				BB4DB7E42C0307E900AAE89B /* Release */,
			);
			defaultConfigurationIsVisible = 0;
			defaultConfigurationName = Release;
		};
/* End XCConfigurationList section */
	};
	rootObject = BB4DB7AA2C0307E700AAE89B /* Project object */;
}
